
Microsoft Visual Studio Solution File, Format Version 12.00
Project("{FAE04EC0-301F-11D3-BF4B-00C04F79EFBC}") = "AoC22", "AoC22\AoC22.csproj", "{2568EA45-8C92-4DB9-9776-0894DBFFB7D0}"
EndProject
Global
	GlobalSection(SolutionConfigurationPlatforms) = preSolution
		Debug|Any CPU = Debug|Any CPU
		Release|Any CPU = Release|Any CPU
	EndGlobalSection
	GlobalSection(ProjectConfigurationPlatforms) = postSolution
		{2568EA45-8C92-4DB9-9776-0894DBFFB7D0}.Debug|Any CPU.ActiveCfg = Debug|Any CPU
		{2568EA45-8C92-4DB9-9776-0894DBFFB7D0}.Debug|Any CPU.Build.0 = Debug|Any CPU
		{2568EA45-8C92-4DB9-9776-0894DBFFB7D0}.Release|Any CPU.ActiveCfg = Release|Any CPU
		{2568EA45-8C92-4DB9-9776-0894DBFFB7D0}.Release|Any CPU.Build.0 = Release|Any CPU
	EndGlobalSection
EndGlobal
